
Microsoft Visual Studio Solution File, Format Version 12.00
# Visual Studio Version 16
VisualStudioVersion = 16.0.32802.440
MinimumVisualStudioVersion = 10.0.40219.1
Project("{9A19103F-16F7-4668-BE54-9A1E7A4F7556}") = "SyntraWestAdvancedDotNetEventsExercise2", "SyntraWestAdvancedDotNetEventsExercise2.csproj", "{82E51F85-F70E-450E-A6E5-13088EDA06B6}"
EndProject
Global
	GlobalSection(SolutionConfigurationPlatforms) = preSolution
		Debug|Any CPU = Debug|Any CPU
		Release|Any CPU = Release|Any CPU
	EndGlobalSection
	GlobalSection(ProjectConfigurationPlatforms) = postSolution
		{82E51F85-F70E-450E-A6E5-13088EDA06B6}.Debug|Any CPU.ActiveCfg = Debug|Any CPU
		{82E51F85-F70E-450E-A6E5-13088EDA06B6}.Debug|Any CPU.Build.0 = Debug|Any CPU
		{82E51F85-F70E-450E-A6E5-13088EDA06B6}.Release|Any CPU.ActiveCfg = Release|Any CPU
		{82E51F85-F70E-450E-A6E5-13088EDA06B6}.Release|Any CPU.Build.0 = Release|Any CPU
	EndGlobalSection
	GlobalSection(SolutionProperties) = preSolution
		HideSolutionNode = FALSE
	EndGlobalSection
	GlobalSection(ExtensibilityGlobals) = postSolution
		SolutionGuid = {A8EDE02E-7AA7-4EE5-B17E-9D8DC58F6668}
	EndGlobalSection
EndGlobal
